// !$*UTF8*$!
{
	archiveVersion = 1;
	classes = {
	};
	objectVersion = 48;
	objects = {

/* Begin PBXBuildFile section */
		C34AC91A1FB93AA700221728 /* AppDelegate.swift in Sources */ = {isa = PBXBuildFile; fileRef = C34AC9191FB93AA700221728 /* AppDelegate.swift */; };
		C34AC91C1FB93AA800221728 /* ViewController.swift in Sources */ = {isa = PBXBuildFile; fileRef = C34AC91B1FB93AA800221728 /* ViewController.swift */; };
		C34AC91F1FB93AA800221728 /* Main.storyboard in Resources */ = {isa = PBXBuildFile; fileRef = C34AC91D1FB93AA800221728 /* Main.storyboard */; };
		C34AC9211FB93AA800221728 /* Assets.xcassets in Resources */ = {isa = PBXBuildFile; fileRef = C34AC9201FB93AA800221728 /* Assets.xcassets */; };
		C34AC9241FB93AA800221728 /* LaunchScreen.storyboard in Resources */ = {isa = PBXBuildFile; fileRef = C34AC9221FB93AA800221728 /* LaunchScreen.storyboard */; };
		C34AC92F1FB93AA800221728 /* WorldTrotterTests.swift in Sources */ = {isa = PBXBuildFile; fileRef = C34AC92E1FB93AA800221728 /* WorldTrotterTests.swift */; };
		C34AC93A1FB93AA800221728 /* WorldTrotterUITests.swift in Sources */ = {isa = PBXBuildFile; fileRef = C34AC9391FB93AA800221728 /* WorldTrotterUITests.swift */; };
/* End PBXBuildFile section */

/* Begin PBXContainerItemProxy section */
		C34AC92B1FB93AA800221728 /* PBXContainerItemProxy */ = {
			isa = PBXContainerItemProxy;
			containerPortal = C34AC90E1FB93AA700221728 /* Project object */;
			proxyType = 1;
			remoteGlobalIDString = C34AC9151FB93AA700221728;
			remoteInfo = WorldTrotter;
		};
		C34AC9361FB93AA800221728 /* PBXContainerItemProxy */ = {
			isa = PBXContainerItemProxy;
			containerPortal = C34AC90E1FB93AA700221728 /* Project object */;
			proxyType = 1;
			remoteGlobalIDString = C34AC9151FB93AA700221728;
			remoteInfo = WorldTrotter;
		};
/* End PBXContainerItemProxy section */

/* Begin PBXFileReference section */
		C34AC9161FB93AA700221728 /* WorldTrotter.app */ = {isa = PBXFileReference; explicitFileType = wrapper.application; includeInIndex = 0; path = WorldTrotter.app; sourceTree = BUILT_PRODUCTS_DIR; };
		C34AC9191FB93AA700221728 /* AppDelegate.swift */ = {isa = PBXFileReference; lastKnownFileType = sourcecode.swift; path = AppDelegate.swift; sourceTree = "<group>"; };
		C34AC91B1FB93AA800221728 /* ViewController.swift */ = {isa = PBXFileReference; lastKnownFileType = sourcecode.swift; path = ViewController.swift; sourceTree = "<group>"; };
		C34AC91E1FB93AA800221728 /* Base */ = {isa = PBXFileReference; lastKnownFileType = file.storyboard; name = Base; path = Base.lproj/Main.storyboard; sourceTree = "<group>"; };
		C34AC9201FB93AA800221728 /* Assets.xcassets */ = {isa = PBXFileReference; lastKnownFileType = folder.assetcatalog; path = Assets.xcassets; sourceTree = "<group>"; };
		C34AC9231FB93AA800221728 /* Base */ = {isa = PBXFileReference; lastKnownFileType = file.storyboard; name = Base; path = Base.lproj/LaunchScreen.storyboard; sourceTree = "<group>"; };
		C34AC9251FB93AA800221728 /* Info.plist */ = {isa = PBXFileReference; lastKnownFileType = text.plist.xml; path = Info.plist; sourceTree = "<group>"; };
		C34AC92A1FB93AA800221728 /* WorldTrotterTests.xctest */ = {isa = PBXFileReference; explicitFileType = wrapper.cfbundle; includeInIndex = 0; path = WorldTrotterTests.xctest; sourceTree = BUILT_PRODUCTS_DIR; };
		C34AC92E1FB93AA800221728 /* WorldTrotterTests.swift */ = {isa = PBXFileReference; lastKnownFileType = sourcecode.swift; path = WorldTrotterTests.swift; sourceTree = "<group>"; };
		C34AC9301FB93AA800221728 /* Info.plist */ = {isa = PBXFileReference; lastKnownFileType = text.plist.xml; path = Info.plist; sourceTree = "<group>"; };
		C34AC9351FB93AA800221728 /* WorldTrotterUITests.xctest */ = {isa = PBXFileReference; explicitFileType = wrapper.cfbundle; includeInIndex = 0; path = WorldTrotterUITests.xctest; sourceTree = BUILT_PRODUCTS_DIR; };
		C34AC9391FB93AA800221728 /* WorldTrotterUITests.swift */ = {isa = PBXFileReference; lastKnownFileType = sourcecode.swift; path = WorldTrotterUITests.swift; sourceTree = "<group>"; };
		C34AC93B1FB93AA800221728 /* Info.plist */ = {isa = PBXFileReference; lastKnownFileType = text.plist.xml; path = Info.plist; sourceTree = "<group>"; };
/* End PBXFileReference section */

/* Begin PBXFrameworksBuildPhase section */
		C34AC9131FB93AA700221728 /* Frameworks */ = {
			isa = PBXFrameworksBuildPhase;
			buildActionMask = 2147483647;
			files = (
			);
			runOnlyForDeploymentPostprocessing = 0;
		};
		C34AC9271FB93AA800221728 /* Frameworks */ = {
			isa = PBXFrameworksBuildPhase;
			buildActionMask = 2147483647;
			files = (
			);
			runOnlyForDeploymentPostprocessing = 0;
		};
		C34AC9321FB93AA800221728 /* Frameworks */ = {
			isa = PBXFrameworksBuildPhase;
			buildActionMask = 2147483647;
			files = (
			);
			runOnlyForDeploymentPostprocessing = 0;
		};
/* End PBXFrameworksBuildPhase section */

/* Begin PBXGroup section */
		C34AC90D1FB93AA700221728 = {
			isa = PBXGroup;
			children = (
				C34AC9181FB93AA700221728 /* WorldTrotter */,
				C34AC92D1FB93AA800221728 /* WorldTrotterTests */,
				C34AC9381FB93AA800221728 /* WorldTrotterUITests */,
				C34AC9171FB93AA700221728 /* Products */,
			);
			sourceTree = "<group>";
		};
		C34AC9171FB93AA700221728 /* Products */ = {
			isa = PBXGroup;
			children = (
				C34AC9161FB93AA700221728 /* WorldTrotter.app */,
				C34AC92A1FB93AA800221728 /* WorldTrotterTests.xctest */,
				C34AC9351FB93AA800221728 /* WorldTrotterUITests.xctest */,
			);
			name = Products;
			sourceTree = "<group>";
		};
		C34AC9181FB93AA700221728 /* WorldTrotter */ = {
			isa = PBXGroup;
			children = (
				C34AC9191FB93AA700221728 /* AppDelegate.swift */,
				C34AC91B1FB93AA800221728 /* ViewController.swift */,
				C34AC91D1FB93AA800221728 /* Main.storyboard */,
				C34AC9201FB93AA800221728 /* Assets.xcassets */,
				C34AC9221FB93AA800221728 /* LaunchScreen.storyboard */,
				C34AC9251FB93AA800221728 /* Info.plist */,
			);
			path = WorldTrotter;
			sourceTree = "<group>";
		};
		C34AC92D1FB93AA800221728 /* WorldTrotterTests */ = {
			isa = PBXGroup;
			children = (
				C34AC92E1FB93AA800221728 /* WorldTrotterTests.swift */,
				C34AC9301FB93AA800221728 /* Info.plist */,
			);
			path = WorldTrotterTests;
			sourceTree = "<group>";
		};
		C34AC9381FB93AA800221728 /* WorldTrotterUITests */ = {
			isa = PBXGroup;
			children = (
				C34AC9391FB93AA800221728 /* WorldTrotterUITests.swift */,
				C34AC93B1FB93AA800221728 /* Info.plist */,
			);
			path = WorldTrotterUITests;
			sourceTree = "<group>";
		};
/* End PBXGroup section */

/* Begin PBXNativeTarget section */
		C34AC9151FB93AA700221728 /* WorldTrotter */ = {
			isa = PBXNativeTarget;
			buildConfigurationList = C34AC93E1FB93AA800221728 /* Build configuration list for PBXNativeTarget "WorldTrotter" */;
			buildPhases = (
				C34AC9121FB93AA700221728 /* Sources */,
				C34AC9131FB93AA700221728 /* Frameworks */,
				C34AC9141FB93AA700221728 /* Resources */,
			);
			buildRules = (
			);
			dependencies = (
			);
			name = WorldTrotter;
			productName = WorldTrotter;
			productReference = C34AC9161FB93AA700221728 /* WorldTrotter.app */;
			productType = "com.apple.product-type.application";
		};
		C34AC9291FB93AA800221728 /* WorldTrotterTests */ = {
			isa = PBXNativeTarget;
			buildConfigurationList = C34AC9411FB93AA800221728 /* Build configuration list for PBXNativeTarget "WorldTrotterTests" */;
			buildPhases = (
				C34AC9261FB93AA800221728 /* Sources */,
				C34AC9271FB93AA800221728 /* Frameworks */,
				C34AC9281FB93AA800221728 /* Resources */,
			);
			buildRules = (
			);
			dependencies = (
				C34AC92C1FB93AA800221728 /* PBXTargetDependency */,
			);
			name = WorldTrotterTests;
			productName = WorldTrotterTests;
			productReference = C34AC92A1FB93AA800221728 /* WorldTrotterTests.xctest */;
			productType = "com.apple.product-type.bundle.unit-test";
		};
		C34AC9341FB93AA800221728 /* WorldTrotterUITests */ = {
			isa = PBXNativeTarget;
			buildConfigurationList = C34AC9441FB93AA800221728 /* Build configuration list for PBXNativeTarget "WorldTrotterUITests" */;
			buildPhases = (
				C34AC9311FB93AA800221728 /* Sources */,
				C34AC9321FB93AA800221728 /* Frameworks */,
				C34AC9331FB93AA800221728 /* Resources */,
			);
			buildRules = (
			);
			dependencies = (
				C34AC9371FB93AA800221728 /* PBXTargetDependency */,
			);
			name = WorldTrotterUITests;
			productName = WorldTrotterUITests;
			productReference = C34AC9351FB93AA800221728 /* WorldTrotterUITests.xctest */;
			productType = "com.apple.product-type.bundle.ui-testing";
		};
/* End PBXNativeTarget section */

/* Begin PBXProject section */
		C34AC90E1FB93AA700221728 /* Project object */ = {
			isa = PBXProject;
			attributes = {
				LastSwiftUpdateCheck = 0910;
				LastUpgradeCheck = 0910;
				ORGANIZATIONNAME = yangcock;
				TargetAttributes = {
					C34AC9151FB93AA700221728 = {
						CreatedOnToolsVersion = 9.1;
						ProvisioningStyle = Automatic;
					};
					C34AC9291FB93AA800221728 = {
						CreatedOnToolsVersion = 9.1;
						ProvisioningStyle = Automatic;
						TestTargetID = C34AC9151FB93AA700221728;
					};
					C34AC9341FB93AA800221728 = {
						CreatedOnToolsVersion = 9.1;
						ProvisioningStyle = Automatic;
						TestTargetID = C34AC9151FB93AA700221728;
					};
				};
			};
			buildConfigurationList = C34AC9111FB93AA700221728 /* Build configuration list for PBXProject "WorldTrotter" */;
			compatibilityVersion = "Xcode 8.0";
			developmentRegion = en;
			hasScannedForEncodings = 0;
			knownRegions = (
				en,
				Base,
			);
			mainGroup = C34AC90D1FB93AA700221728;
			productRefGroup = C34AC9171FB93AA700221728 /* Products */;
			projectDirPath = "";
			projectRoot = "";
			targets = (
				C34AC9151FB93AA700221728 /* WorldTrotter */,
				C34AC9291FB93AA800221728 /* WorldTrotterTests */,
				C34AC9341FB93AA800221728 /* WorldTrotterUITests */,
			);
		};
/* End PBXProject section */

/* Begin PBXResourcesBuildPhase section */
		C34AC9141FB93AA700221728 /* Resources */ = {
			isa = PBXResourcesBuildPhase;
			buildActionMask = 2147483647;
			files = (
				C34AC9241FB93AA800221728 /* LaunchScreen.storyboard in Resources */,
				C34AC9211FB93AA800221728 /* Assets.xcassets in Resources */,
				C34AC91F1FB93AA800221728 /* Main.storyboard in Resources */,
			);
			runOnlyForDeploymentPostprocessing = 0;
		};
		C34AC9281FB93AA800221728 /* Resources */ = {
			isa = PBXResourcesBuildPhase;
			buildActionMask = 2147483647;
			files = (
			);
			runOnlyForDeploymentPostprocessing = 0;
		};
		C34AC9331FB93AA800221728 /* Resources */ = {
			isa = PBXResourcesBuildPhase;
			buildActionMask = 2147483647;
			files = (
			);
			runOnlyForDeploymentPostprocessing = 0;
		};
/* End PBXResourcesBuildPhase section */

/* Begin PBXSourcesBuildPhase section */
		C34AC9121FB93AA700221728 /* Sources */ = {
			isa = PBXSourcesBuildPhase;
			buildActionMask = 2147483647;
			files = (
				C34AC91C1FB93AA800221728 /* ViewController.swift in Sources */,
				C34AC91A1FB93AA700221728 /* AppDelegate.swift in Sources */,
			);
			runOnlyForDeploymentPostprocessing = 0;
		};
		C34AC9261FB93AA800221728 /* Sources */ = {
			isa = PBXSourcesBuildPhase;
			buildActionMask = 2147483647;
			files = (
				C34AC92F1FB93AA800221728 /* WorldTrotterTests.swift in Sources */,
			);
			runOnlyForDeploymentPostprocessing = 0;
		};
		C34AC9311FB93AA800221728 /* Sources */ = {
			isa = PBXSourcesBuildPhase;
			buildActionMask = 2147483647;
			files = (
				C34AC93A1FB93AA800221728 /* WorldTrotterUITests.swift in Sources */,
			);
			runOnlyForDeploymentPostprocessing = 0;
		};
/* End PBXSourcesBuildPhase section */

/* Begin PBXTargetDependency section */
		C34AC92C1FB93AA800221728 /* PBXTargetDependency */ = {
			isa = PBXTargetDependency;
			target = C34AC9151FB93AA700221728 /* WorldTrotter */;
			targetProxy = C34AC92B1FB93AA800221728 /* PBXContainerItemProxy */;
		};
		C34AC9371FB93AA800221728 /* PBXTargetDependency */ = {
			isa = PBXTargetDependency;
			target = C34AC9151FB93AA700221728 /* WorldTrotter */;
			targetProxy = C34AC9361FB93AA800221728 /* PBXContainerItemProxy */;
		};
/* End PBXTargetDependency section */

/* Begin PBXVariantGroup section */
		C34AC91D1FB93AA800221728 /* Main.storyboard */ = {
			isa = PBXVariantGroup;
			children = (
				C34AC91E1FB93AA800221728 /* Base */,
			);
			name = Main.storyboard;
			sourceTree = "<group>";
		};
		C34AC9221FB93AA800221728 /* LaunchScreen.storyboard */ = {
			isa = PBXVariantGroup;
			children = (
				C34AC9231FB93AA800221728 /* Base */,
			);
			name = LaunchScreen.storyboard;
			sourceTree = "<group>";
		};
/* End PBXVariantGroup section */

/* Begin XCBuildConfiguration section */
		C34AC93C1FB93AA800221728 /* Debug */ = {
			isa = XCBuildConfiguration;
			buildSettings = {
				ALWAYS_SEARCH_USER_PATHS = NO;
				CLANG_ANALYZER_NONNULL = YES;
				CLANG_ANALYZER_NUMBER_OBJECT_CONVERSION = YES_AGGRESSIVE;
				CLANG_CXX_LANGUAGE_STANDARD = "gnu++14";
				CLANG_CXX_LIBRARY = "libc++";
				CLANG_ENABLE_MODULES = YES;
				CLANG_ENABLE_OBJC_ARC = YES;
				CLANG_WARN_BLOCK_CAPTURE_AUTORELEASING = YES;
				CLANG_WARN_BOOL_CONVERSION = YES;
				CLANG_WARN_COMMA = YES;
				CLANG_WARN_CONSTANT_CONVERSION = YES;
				CLANG_WARN_DIRECT_OBJC_ISA_USAGE = YES_ERROR;
				CLANG_WARN_DOCUMENTATION_COMMENTS = YES;
				CLANG_WARN_EMPTY_BODY = YES;
				CLANG_WARN_ENUM_CONVERSION = YES;
				CLANG_WARN_INFINITE_RECURSION = YES;
				CLANG_WARN_INT_CONVERSION = YES;
				CLANG_WARN_NON_LITERAL_NULL_CONVERSION = YES;
				CLANG_WARN_OBJC_LITERAL_CONVERSION = YES;
				CLANG_WARN_OBJC_ROOT_CLASS = YES_ERROR;
				CLANG_WARN_RANGE_LOOP_ANALYSIS = YES;
				CLANG_WARN_STRICT_PROTOTYPES = YES;
				CLANG_WARN_SUSPICIOUS_MOVE = YES;
				CLANG_WARN_UNGUARDED_AVAILABILITY = YES_AGGRESSIVE;
				CLANG_WARN_UNREACHABLE_CODE = YES;
				CLANG_WARN__DUPLICATE_METHOD_MATCH = YES;
				CODE_SIGN_IDENTITY = "iPhone Developer";
				COPY_PHASE_STRIP = NO;
				DEBUG_INFORMATION_FORMAT = dwarf;
				ENABLE_STRICT_OBJC_MSGSEND = YES;
				ENABLE_TESTABILITY = YES;
				GCC_C_LANGUAGE_STANDARD = gnu11;
				GCC_DYNAMIC_NO_PIC = NO;
				GCC_NO_COMMON_BLOCKS = YES;
				GCC_OPTIMIZATION_LEVEL = 0;
				GCC_PREPROCESSOR_DEFINITIONS = (
					"DEBUG=1",
					"$(inherited)",
				);
				GCC_WARN_64_TO_32_BIT_CONVERSION = YES;
				GCC_WARN_ABOUT_RETURN_TYPE = YES_ERROR;
				GCC_WARN_UNDECLARED_SELECTOR = YES;
				GCC_WARN_UNINITIALIZED_AUTOS = YES_AGGRESSIVE;
				GCC_WARN_UNUSED_FUNCTION = YES;
				GCC_WARN_UNUSED_VARIABLE = YES;
				IPHONEOS_DEPLOYMENT_TARGET = 11.1;
				MTL_ENABLE_DEBUG_INFO = YES;
				ONLY_ACTIVE_ARCH = YES;
				SDKROOT = iphoneos;
				SWIFT_ACTIVE_COMPILATION_CONDITIONS = DEBUG;
				SWIFT_OPTIMIZATION_LEVEL = "-Onone";
			};
			name = Debug;
		};
		C34AC93D1FB93AA800221728 /* Release */ = {
			isa = XCBuildConfiguration;
			buildSettings = {
				ALWAYS_SEARCH_USER_PATHS = NO;
				CLANG_ANALYZER_NONNULL = YES;
				CLANG_ANALYZER_NUMBER_OBJECT_CONVERSION = YES_AGGRESSIVE;
				CLANG_CXX_LANGUAGE_STANDARD = "gnu++14";
				CLANG_CXX_LIBRARY = "libc++";
				CLANG_ENABLE_MODULES = YES;
				CLANG_ENABLE_OBJC_ARC = YES;
				CLANG_WARN_BLOCK_CAPTURE_AUTORELEASING = YES;
				CLANG_WARN_BOOL_CONVERSION = YES;
				CLANG_WARN_COMMA = YES;
				CLANG_WARN_CONSTANT_CONVERSION = YES;
				CLANG_WARN_DIRECT_OBJC_ISA_USAGE = YES_ERROR;
				CLANG_WARN_DOCUMENTATION_COMMENTS = YES;
				CLANG_WARN_EMPTY_BODY = YES;
				CLANG_WARN_ENUM_CONVERSION = YES;
				CLANG_WARN_INFINITE_RECURSION = YES;
				CLANG_WARN_INT_CONVERSION = YES;
				CLANG_WARN_NON_LITERAL_NULL_CONVERSION = YES;
				CLANG_WARN_OBJC_LITERAL_CONVERSION = YES;
				CLANG_WARN_OBJC_ROOT_CLASS = YES_ERROR;
				CLANG_WARN_RANGE_LOOP_ANALYSIS = YES;
				CLANG_WARN_STRICT_PROTOTYPES = YES;
				CLANG_WARN_SUSPICIOUS_MOVE = YES;
				CLANG_WARN_UNGUARDED_AVAILABILITY = YES_AGGRESSIVE;
				CLANG_WARN_UNREACHABLE_CODE = YES;
				CLANG_WARN__DUPLICATE_METHOD_MATCH = YES;
				CODE_SIGN_IDENTITY = "iPhone Developer";
				COPY_PHASE_STRIP = NO;
				DEBUG_INFORMATION_FORMAT = "dwarf-with-dsym";
				ENABLE_NS_ASSERTIONS = NO;
				ENABLE_STRICT_OBJC_MSGSEND = YES;
				GCC_C_LANGUAGE_STANDARD = gnu11;
				GCC_NO_COMMON_BLOCKS = YES;
				GCC_WARN_64_TO_32_BIT_CONVERSION = YES;
				GCC_WARN_ABOUT_RETURN_TYPE = YES_ERROR;
				GCC_WARN_UNDECLARED_SELECTOR = YES;
				GCC_WARN_UNINITIALIZED_AUTOS = YES_AGGRESSIVE;
				GCC_WARN_UNUSED_FUNCTION = YES;
				GCC_WARN_UNUSED_VARIABLE = YES;
				IPHONEOS_DEPLOYMENT_TARGET = 11.1;
				MTL_ENABLE_DEBUG_INFO = NO;
				SDKROOT = iphoneos;
				SWIFT_OPTIMIZATION_LEVEL = "-Owholemodule";
				VALIDATE_PRODUCT = YES;
			};
			name = Release;
		};
		C34AC93F1FB93AA800221728 /* Debug */ = {
			isa = XCBuildConfiguration;
			buildSettings = {
				ASSETCATALOG_COMPILER_APPICON_NAME = AppIcon;
				CODE_SIGN_STYLE = Automatic;
				DEVELOPMENT_TEAM = 73343996G9;
				INFOPLIST_FILE = WorldTrotter/Info.plist;
				LD_RUNPATH_SEARCH_PATHS = "$(inherited) @executable_path/Frameworks";
				PRODUCT_BUNDLE_IDENTIFIER = yangcockHome.WorldTrotter;
				PRODUCT_NAME = "$(TARGET_NAME)";
				SWIFT_VERSION = 4.0;
				TARGETED_DEVICE_FAMILY = "1,2";
			};
			name = Debug;
		};
		C34AC9401FB93AA800221728 /* Release */ = {
			isa = XCBuildConfiguration;
			buildSettings = {
				ASSETCATALOG_COMPILER_APPICON_NAME = AppIcon;
				CODE_SIGN_STYLE = Automatic;
				DEVELOPMENT_TEAM = 73343996G9;
				INFOPLIST_FILE = WorldTrotter/Info.plist;
				LD_RUNPATH_SEARCH_PATHS = "$(inherited) @executable_path/Frameworks";
				PRODUCT_BUNDLE_IDENTIFIER = yangcockHome.WorldTrotter;
				PRODUCT_NAME = "$(TARGET_NAME)";
				SWIFT_VERSION = 4.0;
				TARGETED_DEVICE_FAMILY = "1,2";
			};
			name = Release;
		};
		C34AC9421FB93AA800221728 /* Debug */ = {
			isa = XCBuildConfiguration;
			buildSettings = {
				ALWAYS_EMBED_SWIFT_STANDARD_LIBRARIES = YES;
				BUNDLE_LOADER = "$(TEST_HOST)";
				CODE_SIGN_STYLE = Automatic;
				DEVELOPMENT_TEAM = 73343996G9;
				INFOPLIST_FILE = WorldTrotterTests/Info.plist;
				LD_RUNPATH_SEARCH_PATHS = "$(inherited) @executable_path/Frameworks @loader_path/Frameworks";
				PRODUCT_BUNDLE_IDENTIFIER = yangcockHome.WorldTrotterTests;
				PRODUCT_NAME = "$(TARGET_NAME)";
				SWIFT_VERSION = 4.0;
				TARGETED_DEVICE_FAMILY = "1,2";
				TEST_HOST = "$(BUILT_PRODUCTS_DIR)/WorldTrotter.app/WorldTrotter";
			};
			name = Debug;
		};
		C34AC9431FB93AA800221728 /* Release */ = {
			isa = XCBuildConfiguration;
			buildSettings = {
				ALWAYS_EMBED_SWIFT_STANDARD_LIBRARIES = YES;
				BUNDLE_LOADER = "$(TEST_HOST)";
				CODE_SIGN_STYLE = Automatic;
				DEVELOPMENT_TEAM = 73343996G9;
				INFOPLIST_FILE = WorldTrotterTests/Info.plist;
				LD_RUNPATH_SEARCH_PATHS = "$(inherited) @executable_path/Frameworks @loader_path/Frameworks";
				PRODUCT_BUNDLE_IDENTIFIER = yangcockHome.WorldTrotterTests;
				PRODUCT_NAME = "$(TARGET_NAME)";
				SWIFT_VERSION = 4.0;
				TARGETED_DEVICE_FAMILY = "1,2";
				TEST_HOST = "$(BUILT_PRODUCTS_DIR)/WorldTrotter.app/WorldTrotter";
			};
			name = Release;
		};
		C34AC9451FB93AA800221728 /* Debug */ = {
			isa = XCBuildConfiguration;
			buildSettings = {
				ALWAYS_EMBED_SWIFT_STANDARD_LIBRARIES = YES;
				CODE_SIGN_STYLE = Automatic;
				DEVELOPMENT_TEAM = 73343996G9;
				INFOPLIST_FILE = WorldTrotterUITests/Info.plist;
				LD_RUNPATH_SEARCH_PATHS = "$(inherited) @executable_path/Frameworks @loader_path/Frameworks";
				PRODUCT_BUNDLE_IDENTIFIER = yangcockHome.WorldTrotterUITests;
				PRODUCT_NAME = "$(TARGET_NAME)";
				SWIFT_VERSION = 4.0;
				TARGETED_DEVICE_FAMILY = "1,2";
				TEST_TARGET_NAME = WorldTrotter;
			};
			name = Debug;
		};
		C34AC9461FB93AA800221728 /* Release */ = {
			isa = XCBuildConfiguration;
			buildSettings = {
				ALWAYS_EMBED_SWIFT_STANDARD_LIBRARIES = YES;
				CODE_SIGN_STYLE = Automatic;
				DEVELOPMENT_TEAM = 73343996G9;
				INFOPLIST_FILE = WorldTrotterUITests/Info.plist;
				LD_RUNPATH_SEARCH_PATHS = "$(inherited) @executable_path/Frameworks @loader_path/Frameworks";
				PRODUCT_BUNDLE_IDENTIFIER = yangcockHome.WorldTrotterUITests;
				PRODUCT_NAME = "$(TARGET_NAME)";
				SWIFT_VERSION = 4.0;
				TARGETED_DEVICE_FAMILY = "1,2";
				TEST_TARGET_NAME = WorldTrotter;
			};
			name = Release;
		};
/* End XCBuildConfiguration section */

/* Begin XCConfigurationList section */
		C34AC9111FB93AA700221728 /* Build configuration list for PBXProject "WorldTrotter" */ = {
			isa = XCConfigurationList;
			buildConfigurations = (
				C34AC93C1FB93AA800221728 /* Debug */,
				C34AC93D1FB93AA800221728 /* Release */,
			);
			defaultConfigurationIsVisible = 0;
			defaultConfigurationName = Release;
		};
		C34AC93E1FB93AA800221728 /* Build configuration list for PBXNativeTarget "WorldTrotter" */ = {
			isa = XCConfigurationList;
			buildConfigurations = (
				C34AC93F1FB93AA800221728 /* Debug */,
				C34AC9401FB93AA800221728 /* Release */,
			);
			defaultConfigurationIsVisible = 0;
			defaultConfigurationName = Release;
		};
		C34AC9411FB93AA800221728 /* Build configuration list for PBXNativeTarget "WorldTrotterTests" */ = {
			isa = XCConfigurationList;
			buildConfigurations = (
				C34AC9421FB93AA800221728 /* Debug */,
				C34AC9431FB93AA800221728 /* Release */,
			);
			defaultConfigurationIsVisible = 0;
			defaultConfigurationName = Release;
		};
		C34AC9441FB93AA800221728 /* Build configuration list for PBXNativeTarget "WorldTrotterUITests" */ = {
			isa = XCConfigurationList;
			buildConfigurations = (
				C34AC9451FB93AA800221728 /* Debug */,
				C34AC9461FB93AA800221728 /* Release */,
			);
			defaultConfigurationIsVisible = 0;
			defaultConfigurationName = Release;
		};
/* End XCConfigurationList section */
	};
	rootObject = C34AC90E1FB93AA700221728 /* Project object */;
}
